
Microsoft Visual Studio Solution File, Format Version 12.00
# Visual Studio Version 17
VisualStudioVersion = 17.10.35122.118
MinimumVisualStudioVersion = 10.0.40219.1
Project("{FAE04EC0-301F-11D3-BF4B-00C04F79EFBC}") = "SalesWebMVC", "SalesWebMVC\SalesWebMVC.csproj", "{016EC4C5-4399-4953-B4AD-C96DE75EF088}"
EndProject
Global
	GlobalSection(SolutionConfigurationPlatforms) = preSolution
		Debug|Any CPU = Debug|Any CPU
		Release|Any CPU = Release|Any CPU
	EndGlobalSection
	GlobalSection(ProjectConfigurationPlatforms) = postSolution
		{016EC4C5-4399-4953-B4AD-C96DE75EF088}.Debug|Any CPU.ActiveCfg = Debug|Any CPU
		{016EC4C5-4399-4953-B4AD-C96DE75EF088}.Debug|Any CPU.Build.0 = Debug|Any CPU
		{016EC4C5-4399-4953-B4AD-C96DE75EF088}.Release|Any CPU.ActiveCfg = Release|Any CPU
		{016EC4C5-4399-4953-B4AD-C96DE75EF088}.Release|Any CPU.Build.0 = Release|Any CPU
	EndGlobalSection
	GlobalSection(SolutionProperties) = preSolution
		HideSolutionNode = FALSE
	EndGlobalSection
	GlobalSection(ExtensibilityGlobals) = postSolution
		SolutionGuid = {F0486569-46DB-4133-9BA7-8010A44490EC}
	EndGlobalSection
EndGlobal
